{"1.1.0",
[{<<"inet_cidr">>,{pkg,<<"erl_cidr">>,<<"1.0.2">>},0},
 {<<"inet_ext">>,{pkg,<<"inet_ext">>,<<"0.4.0">>},0},
 {<<"intercept">>,{pkg,<<"intercept">>,<<"1.0.0">>},0},
 {<<"rand_compat">>,{pkg,<<"rand_compat">>,<<"0.0.3">>},0}]}.
[
{pkg_hash,[
 {<<"inet_cidr">>, <<"4814A5B78B969A5E069B0CECBB102622AB0C459B690053ED94543CD529915A43">>},
 {<<"inet_ext">>, <<"EF51FE5EA13DB6B40CBA48E66D9117BBD31E5A4347FA432B83D0C0547C7AB522">>},
 {<<"intercept">>, <<"1F6C725E6FC070720643BD4D97EE53B1209365C80E520E1F5A1ACB36712A7EB5">>},
 {<<"rand_compat">>, <<"011646BC1F0B0C432FE101B816F25B9BBB74A085713CEE1DAFD2D62E9415EAD3">>}]}
].
